// !$*UTF8*$!
{
	archiveVersion = 1;
	classes = {
	};
	objectVersion = 46;
	objects = {

/* Begin PBXBuildFile section */
		91013ED91C44A1C20028F04C /* UITableView+Scroll.swift in Sources */ = {isa = PBXBuildFile; fileRef = 91013ED81C44A1C20028F04C /* UITableView+Scroll.swift */; };
		9102910B1C46017D003704E6 /* Message.swift in Sources */ = {isa = PBXBuildFile; fileRef = 910291091C46017D003704E6 /* Message.swift */; };
		911D42A61C9CCD1800BDB1A6 /* Model.xcdatamodeld in Sources */ = {isa = PBXBuildFile; fileRef = 911D42A41C9CCD1800BDB1A6 /* Model.xcdatamodeld */; };
		916907CD1C9CCF7600E7D6BC /* Chat+CoreDataProperties.swift in Sources */ = {isa = PBXBuildFile; fileRef = 916907CA1C9CCF7600E7D6BC /* Chat+CoreDataProperties.swift */; };
		916907CE1C9CCF7600E7D6BC /* Chat.swift in Sources */ = {isa = PBXBuildFile; fileRef = 916907CB1C9CCF7600E7D6BC /* Chat.swift */; };
		916907CF1C9CCF7600E7D6BC /* Message+CoreDataProperties.swift in Sources */ = {isa = PBXBuildFile; fileRef = 916907CC1C9CCF7600E7D6BC /* Message+CoreDataProperties.swift */; };
		916907D11C9CD14000E7D6BC /* ChatCell.swift in Sources */ = {isa = PBXBuildFile; fileRef = 916907D01C9CD14000E7D6BC /* ChatCell.swift */; };
		91BC8F481C455D5000AF2804 /* CDHelper.swift in Sources */ = {isa = PBXBuildFile; fileRef = 91BC8F471C455D5000AF2804 /* CDHelper.swift */; };
		91E96FC71C3F19AF00B97104 /* AppDelegate.swift in Sources */ = {isa = PBXBuildFile; fileRef = 91E96FC61C3F19AF00B97104 /* AppDelegate.swift */; };
		91E96FC91C3F19AF00B97104 /* ChatViewController.swift in Sources */ = {isa = PBXBuildFile; fileRef = 91E96FC81C3F19AF00B97104 /* ChatViewController.swift */; };
		91E96FCC1C3F19AF00B97104 /* Main.storyboard in Resources */ = {isa = PBXBuildFile; fileRef = 91E96FCA1C3F19AF00B97104 /* Main.storyboard */; };
		91E96FCE1C3F19AF00B97104 /* Assets.xcassets in Resources */ = {isa = PBXBuildFile; fileRef = 91E96FCD1C3F19AF00B97104 /* Assets.xcassets */; };
		91E96FD11C3F19AF00B97104 /* LaunchScreen.storyboard in Resources */ = {isa = PBXBuildFile; fileRef = 91E96FCF1C3F19AF00B97104 /* LaunchScreen.storyboard */; };
		91E96FDB1C3F227500B97104 /* MessageCell.swift in Sources */ = {isa = PBXBuildFile; fileRef = 91E96FDA1C3F227500B97104 /* MessageCell.swift */; };
/* End PBXBuildFile section */

/* Begin PBXFileReference section */
		91013ED81C44A1C20028F04C /* UITableView+Scroll.swift */ = {isa = PBXFileReference; fileEncoding = 4; lastKnownFileType = sourcecode.swift; path = "UITableView+Scroll.swift"; sourceTree = "<group>"; };
		910291091C46017D003704E6 /* Message.swift */ = {isa = PBXFileReference; fileEncoding = 4; lastKnownFileType = sourcecode.swift; path = Message.swift; sourceTree = "<group>"; };
		911D42A51C9CCD1800BDB1A6 /* Model.xcdatamodel */ = {isa = PBXFileReference; lastKnownFileType = wrapper.xcdatamodel; path = Model.xcdatamodel; sourceTree = "<group>"; };
		916907CA1C9CCF7600E7D6BC /* Chat+CoreDataProperties.swift */ = {isa = PBXFileReference; fileEncoding = 4; lastKnownFileType = sourcecode.swift; path = "Chat+CoreDataProperties.swift"; sourceTree = "<group>"; };
		916907CB1C9CCF7600E7D6BC /* Chat.swift */ = {isa = PBXFileReference; fileEncoding = 4; lastKnownFileType = sourcecode.swift; path = Chat.swift; sourceTree = "<group>"; };
		916907CC1C9CCF7600E7D6BC /* Message+CoreDataProperties.swift */ = {isa = PBXFileReference; fileEncoding = 4; lastKnownFileType = sourcecode.swift; path = "Message+CoreDataProperties.swift"; sourceTree = "<group>"; };
		916907D01C9CD14000E7D6BC /* ChatCell.swift */ = {isa = PBXFileReference; fileEncoding = 4; lastKnownFileType = sourcecode.swift; path = ChatCell.swift; sourceTree = "<group>"; };
		91BC8F471C455D5000AF2804 /* CDHelper.swift */ = {isa = PBXFileReference; fileEncoding = 4; lastKnownFileType = sourcecode.swift; path = CDHelper.swift; sourceTree = "<group>"; };
		91E96FC31C3F19AF00B97104 /* WhaleTalk.app */ = {isa = PBXFileReference; explicitFileType = wrapper.application; includeInIndex = 0; path = WhaleTalk.app; sourceTree = BUILT_PRODUCTS_DIR; };
		91E96FC61C3F19AF00B97104 /* AppDelegate.swift */ = {isa = PBXFileReference; lastKnownFileType = sourcecode.swift; path = AppDelegate.swift; sourceTree = "<group>"; };
		91E96FC81C3F19AF00B97104 /* ChatViewController.swift */ = {isa = PBXFileReference; lastKnownFileType = sourcecode.swift; path = ChatViewController.swift; sourceTree = "<group>"; };
		91E96FCB1C3F19AF00B97104 /* Base */ = {isa = PBXFileReference; lastKnownFileType = file.storyboard; name = Base; path = Base.lproj/Main.storyboard; sourceTree = "<group>"; };
		91E96FCD1C3F19AF00B97104 /* Assets.xcassets */ = {isa = PBXFileReference; lastKnownFileType = folder.assetcatalog; path = Assets.xcassets; sourceTree = "<group>"; };
		91E96FD01C3F19AF00B97104 /* Base */ = {isa = PBXFileReference; lastKnownFileType = file.storyboard; name = Base; path = Base.lproj/LaunchScreen.storyboard; sourceTree = "<group>"; };
		91E96FD21C3F19AF00B97104 /* Info.plist */ = {isa = PBXFileReference; lastKnownFileType = text.plist.xml; path = Info.plist; sourceTree = "<group>"; };
		91E96FDA1C3F227500B97104 /* MessageCell.swift */ = {isa = PBXFileReference; fileEncoding = 4; lastKnownFileType = sourcecode.swift; path = MessageCell.swift; sourceTree = "<group>"; };
/* End PBXFileReference section */

/* Begin PBXFrameworksBuildPhase section */
		91E96FC01C3F19AF00B97104 /* Frameworks */ = {
			isa = PBXFrameworksBuildPhase;
			buildActionMask = 2147483647;
			files = (
			);
			runOnlyForDeploymentPostprocessing = 0;
		};
/* End PBXFrameworksBuildPhase section */

/* Begin PBXGroup section */
		91E96FBA1C3F19AE00B97104 = {
			isa = PBXGroup;
			children = (
				916907CA1C9CCF7600E7D6BC /* Chat+CoreDataProperties.swift */,
				916907CB1C9CCF7600E7D6BC /* Chat.swift */,
				916907CC1C9CCF7600E7D6BC /* Message+CoreDataProperties.swift */,
				910291091C46017D003704E6 /* Message.swift */,
				91E96FC51C3F19AF00B97104 /* WhaleTalk */,
				91E96FC41C3F19AF00B97104 /* Products */,
			);
			sourceTree = "<group>";
		};
		91E96FC41C3F19AF00B97104 /* Products */ = {
			isa = PBXGroup;
			children = (
				91E96FC31C3F19AF00B97104 /* WhaleTalk.app */,
			);
			name = Products;
			sourceTree = "<group>";
		};
		91E96FC51C3F19AF00B97104 /* WhaleTalk */ = {
			isa = PBXGroup;
			children = (
				91E96FC61C3F19AF00B97104 /* AppDelegate.swift */,
				91E96FC81C3F19AF00B97104 /* ChatViewController.swift */,
				91E96FDA1C3F227500B97104 /* MessageCell.swift */,
				916907D01C9CD14000E7D6BC /* ChatCell.swift */,
				91013ED81C44A1C20028F04C /* UITableView+Scroll.swift */,
				91BC8F471C455D5000AF2804 /* CDHelper.swift */,
				911D42A41C9CCD1800BDB1A6 /* Model.xcdatamodeld */,
				91E96FCA1C3F19AF00B97104 /* Main.storyboard */,
				91E96FCD1C3F19AF00B97104 /* Assets.xcassets */,
				91E96FCF1C3F19AF00B97104 /* LaunchScreen.storyboard */,
				91E96FD21C3F19AF00B97104 /* Info.plist */,
			);
			path = WhaleTalk;
			sourceTree = "<group>";
		};
/* End PBXGroup section */

/* Begin PBXNativeTarget section */
		91E96FC21C3F19AF00B97104 /* WhaleTalk */ = {
			isa = PBXNativeTarget;
			buildConfigurationList = 91E96FD51C3F19AF00B97104 /* Build configuration list for PBXNativeTarget "WhaleTalk" */;
			buildPhases = (
				91E96FBF1C3F19AF00B97104 /* Sources */,
				91E96FC01C3F19AF00B97104 /* Frameworks */,
				91E96FC11C3F19AF00B97104 /* Resources */,
			);
			buildRules = (
			);
			dependencies = (
			);
			name = WhaleTalk;
			productName = WhaleTalk;
			productReference = 91E96FC31C3F19AF00B97104 /* WhaleTalk.app */;
			productType = "com.apple.product-type.application";
		};
/* End PBXNativeTarget section */

/* Begin PBXProject section */
		91E96FBB1C3F19AF00B97104 /* Project object */ = {
			isa = PBXProject;
			attributes = {
				LastSwiftUpdateCheck = 0720;
				LastUpgradeCheck = 0720;
				ORGANIZATIONNAME = "Kuehn LLC";
				TargetAttributes = {
					91E96FC21C3F19AF00B97104 = {
						CreatedOnToolsVersion = 7.2;
					};
				};
			};
			buildConfigurationList = 91E96FBE1C3F19AF00B97104 /* Build configuration list for PBXProject "WhaleTalk" */;
			compatibilityVersion = "Xcode 3.2";
			developmentRegion = English;
			hasScannedForEncodings = 0;
			knownRegions = (
				en,
				Base,
			);
			mainGroup = 91E96FBA1C3F19AE00B97104;
			productRefGroup = 91E96FC41C3F19AF00B97104 /* Products */;
			projectDirPath = "";
			projectRoot = "";
			targets = (
				91E96FC21C3F19AF00B97104 /* WhaleTalk */,
			);
		};
/* End PBXProject section */

/* Begin PBXResourcesBuildPhase section */
		91E96FC11C3F19AF00B97104 /* Resources */ = {
			isa = PBXResourcesBuildPhase;
			buildActionMask = 2147483647;
			files = (
				91E96FD11C3F19AF00B97104 /* LaunchScreen.storyboard in Resources */,
				91E96FCE1C3F19AF00B97104 /* Assets.xcassets in Resources */,
				91E96FCC1C3F19AF00B97104 /* Main.storyboard in Resources */,
			);
			runOnlyForDeploymentPostprocessing = 0;
		};
/* End PBXResourcesBuildPhase section */

/* Begin PBXSourcesBuildPhase section */
		91E96FBF1C3F19AF00B97104 /* Sources */ = {
			isa = PBXSourcesBuildPhase;
			buildActionMask = 2147483647;
			files = (
				91013ED91C44A1C20028F04C /* UITableView+Scroll.swift in Sources */,
				91BC8F481C455D5000AF2804 /* CDHelper.swift in Sources */,
				916907D11C9CD14000E7D6BC /* ChatCell.swift in Sources */,
				91E96FDB1C3F227500B97104 /* MessageCell.swift in Sources */,
				916907CD1C9CCF7600E7D6BC /* Chat+CoreDataProperties.swift in Sources */,
				916907CE1C9CCF7600E7D6BC /* Chat.swift in Sources */,
				911D42A61C9CCD1800BDB1A6 /* Model.xcdatamodeld in Sources */,
				9102910B1C46017D003704E6 /* Message.swift in Sources */,
				91E96FC91C3F19AF00B97104 /* ChatViewController.swift in Sources */,
				916907CF1C9CCF7600E7D6BC /* Message+CoreDataProperties.swift in Sources */,
				91E96FC71C3F19AF00B97104 /* AppDelegate.swift in Sources */,
			);
			runOnlyForDeploymentPostprocessing = 0;
		};
/* End PBXSourcesBuildPhase section */

/* Begin PBXVariantGroup section */
		91E96FCA1C3F19AF00B97104 /* Main.storyboard */ = {
			isa = PBXVariantGroup;
			children = (
				91E96FCB1C3F19AF00B97104 /* Base */,
			);
			name = Main.storyboard;
			sourceTree = "<group>";
		};
		91E96FCF1C3F19AF00B97104 /* LaunchScreen.storyboard */ = {
			isa = PBXVariantGroup;
			children = (
				91E96FD01C3F19AF00B97104 /* Base */,
			);
			name = LaunchScreen.storyboard;
			sourceTree = "<group>";
		};
/* End PBXVariantGroup section */

/* Begin XCBuildConfiguration section */
		91E96FD31C3F19AF00B97104 /* Debug */ = {
			isa = XCBuildConfiguration;
			buildSettings = {
				ALWAYS_SEARCH_USER_PATHS = NO;
				CLANG_CXX_LANGUAGE_STANDARD = "gnu++0x";
				CLANG_CXX_LIBRARY = "libc++";
				CLANG_ENABLE_MODULES = YES;
				CLANG_ENABLE_OBJC_ARC = YES;
				CLANG_WARN_BOOL_CONVERSION = YES;
				CLANG_WARN_CONSTANT_CONVERSION = YES;
				CLANG_WARN_DIRECT_OBJC_ISA_USAGE = YES_ERROR;
				CLANG_WARN_EMPTY_BODY = YES;
				CLANG_WARN_ENUM_CONVERSION = YES;
				CLANG_WARN_INT_CONVERSION = YES;
				CLANG_WARN_OBJC_ROOT_CLASS = YES_ERROR;
				CLANG_WARN_UNREACHABLE_CODE = YES;
				CLANG_WARN__DUPLICATE_METHOD_MATCH = YES;
				"CODE_SIGN_IDENTITY[sdk=iphoneos*]" = "iPhone Developer";
				COPY_PHASE_STRIP = NO;
				DEBUG_INFORMATION_FORMAT = dwarf;
				ENABLE_STRICT_OBJC_MSGSEND = YES;
				ENABLE_TESTABILITY = YES;
				GCC_C_LANGUAGE_STANDARD = gnu99;
				GCC_DYNAMIC_NO_PIC = NO;
				GCC_NO_COMMON_BLOCKS = YES;
				GCC_OPTIMIZATION_LEVEL = 0;
				GCC_PREPROCESSOR_DEFINITIONS = (
					"DEBUG=1",
					"$(inherited)",
				);
				GCC_WARN_64_TO_32_BIT_CONVERSION = YES;
				GCC_WARN_ABOUT_RETURN_TYPE = YES_ERROR;
				GCC_WARN_UNDECLARED_SELECTOR = YES;
				GCC_WARN_UNINITIALIZED_AUTOS = YES_AGGRESSIVE;
				GCC_WARN_UNUSED_FUNCTION = YES;
				GCC_WARN_UNUSED_VARIABLE = YES;
				IPHONEOS_DEPLOYMENT_TARGET = 9.2;
				MTL_ENABLE_DEBUG_INFO = YES;
				ONLY_ACTIVE_ARCH = YES;
				SDKROOT = iphoneos;
				SWIFT_OPTIMIZATION_LEVEL = "-Onone";
				TARGETED_DEVICE_FAMILY = "1,2";
			};
			name = Debug;
		};
		91E96FD41C3F19AF00B97104 /* Release */ = {
			isa = XCBuildConfiguration;
			buildSettings = {
				ALWAYS_SEARCH_USER_PATHS = NO;
				CLANG_CXX_LANGUAGE_STANDARD = "gnu++0x";
				CLANG_CXX_LIBRARY = "libc++";
				CLANG_ENABLE_MODULES = YES;
				CLANG_ENABLE_OBJC_ARC = YES;
				CLANG_WARN_BOOL_CONVERSION = YES;
				CLANG_WARN_CONSTANT_CONVERSION = YES;
				CLANG_WARN_DIRECT_OBJC_ISA_USAGE = YES_ERROR;
				CLANG_WARN_EMPTY_BODY = YES;
				CLANG_WARN_ENUM_CONVERSION = YES;
				CLANG_WARN_INT_CONVERSION = YES;
				CLANG_WARN_OBJC_ROOT_CLASS = YES_ERROR;
				CLANG_WARN_UNREACHABLE_CODE = YES;
				CLANG_WARN__DUPLICATE_METHOD_MATCH = YES;
				"CODE_SIGN_IDENTITY[sdk=iphoneos*]" = "iPhone Developer";
				COPY_PHASE_STRIP = NO;
				DEBUG_INFORMATION_FORMAT = "dwarf-with-dsym";
				ENABLE_NS_ASSERTIONS = NO;
				ENABLE_STRICT_OBJC_MSGSEND = YES;
				GCC_C_LANGUAGE_STANDARD = gnu99;
				GCC_NO_COMMON_BLOCKS = YES;
				GCC_WARN_64_TO_32_BIT_CONVERSION = YES;
				GCC_WARN_ABOUT_RETURN_TYPE = YES_ERROR;
				GCC_WARN_UNDECLARED_SELECTOR = YES;
				GCC_WARN_UNINITIALIZED_AUTOS = YES_AGGRESSIVE;
				GCC_WARN_UNUSED_FUNCTION = YES;
				GCC_WARN_UNUSED_VARIABLE = YES;
				IPHONEOS_DEPLOYMENT_TARGET = 9.2;
				MTL_ENABLE_DEBUG_INFO = NO;
				SDKROOT = iphoneos;
				TARGETED_DEVICE_FAMILY = "1,2";
				VALIDATE_PRODUCT = YES;
			};
			name = Release;
		};
		91E96FD61C3F19AF00B97104 /* Debug */ = {
			isa = XCBuildConfiguration;
			buildSettings = {
				ASSETCATALOG_COMPILER_APPICON_NAME = AppIcon;
				FRAMEWORK_SEARCH_PATHS = (
					"$(inherited)",
					"$(PROJECT_DIR)/WhaleTalk",
				);
				INFOPLIST_FILE = WhaleTalk/Info.plist;
				LD_RUNPATH_SEARCH_PATHS = "$(inherited) @executable_path/Frameworks";
				PRODUCT_BUNDLE_IDENTIFIER = com.kuehnllc.WhaleTalk;
				PRODUCT_NAME = "$(TARGET_NAME)";
			};
			name = Debug;
		};
		91E96FD71C3F19AF00B97104 /* Release */ = {
			isa = XCBuildConfiguration;
			buildSettings = {
				ASSETCATALOG_COMPILER_APPICON_NAME = AppIcon;
				FRAMEWORK_SEARCH_PATHS = (
					"$(inherited)",
					"$(PROJECT_DIR)/WhaleTalk",
				);
				INFOPLIST_FILE = WhaleTalk/Info.plist;
				LD_RUNPATH_SEARCH_PATHS = "$(inherited) @executable_path/Frameworks";
				PRODUCT_BUNDLE_IDENTIFIER = com.kuehnllc.WhaleTalk;
				PRODUCT_NAME = "$(TARGET_NAME)";
			};
			name = Release;
		};
/* End XCBuildConfiguration section */

/* Begin XCConfigurationList section */
		91E96FBE1C3F19AF00B97104 /* Build configuration list for PBXProject "WhaleTalk" */ = {
			isa = XCConfigurationList;
			buildConfigurations = (
				91E96FD31C3F19AF00B97104 /* Debug */,
				91E96FD41C3F19AF00B97104 /* Release */,
			);
			defaultConfigurationIsVisible = 0;
			defaultConfigurationName = Release;
		};
		91E96FD51C3F19AF00B97104 /* Build configuration list for PBXNativeTarget "WhaleTalk" */ = {
			isa = XCConfigurationList;
			buildConfigurations = (
				91E96FD61C3F19AF00B97104 /* Debug */,
				91E96FD71C3F19AF00B97104 /* Release */,
			);
			defaultConfigurationIsVisible = 0;
			defaultConfigurationName = Release;
		};
/* End XCConfigurationList section */

/* Begin XCVersionGroup section */
		911D42A41C9CCD1800BDB1A6 /* Model.xcdatamodeld */ = {
			isa = XCVersionGroup;
			children = (
				911D42A51C9CCD1800BDB1A6 /* Model.xcdatamodel */,
			);
			currentVersion = 911D42A51C9CCD1800BDB1A6 /* Model.xcdatamodel */;
			path = Model.xcdatamodeld;
			sourceTree = "<group>";
			versionGroupType = wrapper.xcdatamodel;
		};
/* End XCVersionGroup section */
	};
	rootObject = 91E96FBB1C3F19AF00B97104 /* Project object */;
}
